# Generated by conda-lock.
# platform: linux-64
# input_hash: 095015e0719fa477b84f3c7e8b0e1f9cf9efa70d86bdaaa12d4d34cd2959141e
@EXPLICIT
https://conda.anaconda.org/conda-forge/noarch/kernel-headers_linux-64-3.10.0-he073ed8_18.conda#ad8527bf134a90e1c9ed35fa0b64318c
https://conda.anaconda.org/conda-forge/noarch/tzdata-2026c-h151e31d_0.conda#fcb489df604d100968b737f2cb6076c6
https://conda.anaconda.org/conda-forge/noarch/ca-certificates-2026.7.22-hbd8a1cb_0.conda#0f51e2391ade309db462a55611263e9c
https://conda.anaconda.org/conda-forge/linux-64/ld_impl_linux-64-2.46.1-bootstrap_ha15bf96_2.conda#2c238120d4d57c422d6671036eae76a8
https://conda.anaconda.org/conda-forge/noarch/libgcc-devel_linux-64-13.4.0-hd1d28cc_120.conda#44af9c8ef5cc70a85a39621d7269d26d
https://conda.anaconda.org/conda-forge/linux-64/libgomp-16.1.0-he0feb66_1.conda#88f2d91cb1533194c323534253094d23
https://conda.anaconda.org/conda-forge/noarch/libstdcxx-devel_linux-64-13.4.0-h6963c3b_120.conda#1fd9c3ee8b91a467378f09da6dfbbe1c
https://conda.anaconda.org/conda-forge/noarch/sysroot_linux-64-2.17-h0157908_18.conda#460eba7851277ec1fd80a1a24080787a
https://conda.anaconda.org/conda-forge/linux-64/_openmp_mutex-4.5-20_gnu.conda#a9f577daf3de00bca7c3c76c0ecbd1de
https://conda.anaconda.org/conda-forge/linux-64/binutils_impl_linux-64-2.46.1-bootstrap_h59bd682_2.conda#2ef2aae56894763085adcef527016e7b
https://conda.anaconda.org/conda-forge/linux-64/binutils_linux-64-2.46.1-bootstrap_h4852527_2.conda#e7cdd06235bf29d35b91d73a7382284c
https://conda.anaconda.org/conda-forge/linux-64/libgcc-16.1.0-ha9f2e26_1.conda#5a7d954665c707c93311657cd779c705
https://conda.anaconda.org/conda-forge/linux-64/bzip2-1.0.8-hda65f42_10.conda#e675fabcf81499adc7edf58124fb1e01
https://conda.anaconda.org/conda-forge/linux-64/c-ares-1.34.8-hb03c661_0.conda#6130ad6705adc993b5d8482b7f66e01f
https://conda.anaconda.org/conda-forge/linux-64/keyutils-1.6.3-hb9d3cd8_0.conda#b38117a3c920364aff79f870c984b4a3
https://conda.anaconda.org/conda-forge/linux-64/libev-4.33-h280c20c_3.conda#7bc31538d6e3fb349e897353969237ec
https://conda.anaconda.org/conda-forge/linux-64/libexpat-2.8.1-hecca717_1.conda#b24d3c612f71e7aa74158d92106318b2
https://conda.anaconda.org/conda-forge/linux-64/libgcc-ng-16.1.0-h69a702a_1.conda#7ed870c014a6f23c7dfafda53d2763a9
https://conda.anaconda.org/conda-forge/linux-64/liblzma-5.8.3-hb03c661_0.conda#b88d90cad08e6bc8ad540cb310a761fb
https://conda.anaconda.org/conda-forge/linux-64/libstdcxx-16.1.0-h934c35e_1.conda#aed6cf89adc1e9b846e4367ac538e434
https://conda.anaconda.org/conda-forge/linux-64/libuv-1.52.1-h280c20c_1.conda#01c4ed87826af55996768af6dbc936b4
https://conda.anaconda.org/conda-forge/linux-64/ncurses-6.6-hdb14827_0.conda#fc21868a1a5aacc937e7a18747acb8a5
https://conda.anaconda.org/conda-forge/linux-64/openssl-3.6.3-h35e630c_1.conda#c5955c27917ff2234def47f075e71e02
https://conda.anaconda.org/conda-forge/linux-64/rhash-1.4.6-hb9d3cd8_1.conda#c1c9b02933fdb2cfb791d936c20e887e
https://conda.anaconda.org/conda-forge/linux-64/libedit-3.1.20250104-pl5321h7949ede_0.conda#c277e0a4d549b03ac1e9d6cbbe3d017b
https://conda.anaconda.org/conda-forge/linux-64/liblzma-devel-5.8.3-hb03c661_0.conda#55c20edec8e90c4703787acaade60808
https://conda.anaconda.org/conda-forge/linux-64/libsanitizer-13.4.0-hf18ac3d_20.conda#605f9e5fa9594fdcc7a7d118a4dc92e9
https://conda.anaconda.org/conda-forge/linux-64/libstdcxx-ng-16.1.0-hdf11a46_1.conda#c94f06123272d8e129d4acf3a25ffb35
https://conda.anaconda.org/conda-forge/linux-64/libzlib-1.2.13-h4ab18f5_6.conda#27329162c0dc732bcf67a4e0cd488125
https://conda.anaconda.org/conda-forge/linux-64/ninja-1.13.2-h171cf75_0.conda#b518e9e92493721281a60fa975bddc65
https://conda.anaconda.org/conda-forge/linux-64/xz-gpl-tools-5.8.3-ha02ee65_0.conda#8f5e2c6726c1339287a3c76a2c138ac7
https://conda.anaconda.org/conda-forge/linux-64/xz-tools-5.8.3-hb03c661_0.conda#b62b615caa60812640f24db3a8d0fc87
https://conda.anaconda.org/conda-forge/linux-64/gcc_impl_linux-64-13.4.0-h649a46b_20.conda#0f17341183ccd1c98e193cad45681036
https://conda.anaconda.org/conda-forge/linux-64/krb5-1.21.3-h659f571_0.conda#3f43953b7d3fb3aaa1d0d0723d91e368
https://conda.anaconda.org/conda-forge/linux-64/libnghttp2-1.58.0-h47da74e_1.conda#700ac6ea6d53d5510591c4344d5c989a
https://conda.anaconda.org/conda-forge/linux-64/libssh2-1.11.0-h0841786_0.conda#1f5a58e686b13bcfde88b93f547d23fe
https://conda.anaconda.org/conda-forge/linux-64/xz-5.8.3-ha02ee65_0.conda#6a1b6af49a334e4e06b9f103367762bf
https://conda.anaconda.org/conda-forge/linux-64/zstd-1.5.6-ha6fb4c9_0.conda#4d056880988120e29d75bfff282e0f45
https://conda.anaconda.org/conda-forge/linux-64/gcc_linux-64-13.4.0-h5174b15_28.conda#a24872d166cb708ddb01386fe0e9e082
https://conda.anaconda.org/conda-forge/linux-64/gxx_impl_linux-64-13.4.0-h5415f34_20.conda#9e6c78e79360614519b2602c631d612b
https://conda.anaconda.org/conda-forge/linux-64/libcurl-8.8.0-hca28451_1.conda#b8afb3e3cb3423cc445cf611ab95fdb0
https://conda.anaconda.org/conda-forge/linux-64/cmake-3.28.4-hcfe8598_0.conda#8f3da5e9e920897a86ce0abece94935b
https://conda.anaconda.org/conda-forge/linux-64/gxx_linux-64-13.4.0-hb11295d_28.conda#8dab174551ee329cb75a3307fc853bb4
