# Generated by conda-lock.
# platform: linux-64
# input_hash: ce67e25dfe7a9eef1e513987663b454735fe43db01c3841a6150d83eebfcb37a
@EXPLICIT
https://conda.anaconda.org/conda-forge/noarch/font-ttf-dejavu-sans-mono-2.37-hab24e00_0.tar.bz2#0c96522c6bdaed4b1566d11387caaf45
https://conda.anaconda.org/conda-forge/noarch/font-ttf-inconsolata-3.000-h77eed37_0.tar.bz2#34893075a5c9e55cdafac56607368fc6
https://conda.anaconda.org/conda-forge/noarch/font-ttf-source-code-pro-2.038-h77eed37_0.tar.bz2#4d59c254e01d9cde7957100457e2d5fb
https://conda.anaconda.org/conda-forge/noarch/font-ttf-ubuntu-0.83-h77eed37_3.conda#49023d73832ef61042f6a237cb2687e7
https://conda.anaconda.org/conda-forge/noarch/python_abi-3.10-8_cp310.conda#05e00f3b21e88bb3d658ac700b2ce58c
https://conda.anaconda.org/conda-forge/noarch/tzdata-2026c-h151e31d_0.conda#fcb489df604d100968b737f2cb6076c6
https://conda.anaconda.org/conda-forge/noarch/ca-certificates-2026.7.22-hbd8a1cb_0.conda#0f51e2391ade309db462a55611263e9c
https://conda.anaconda.org/conda-forge/noarch/fonts-conda-forge-1-hc364b38_1.conda#a7970cd949a077b7cb9696379d338681
https://conda.anaconda.org/conda-forge/linux-64/libglvnd-1.7.0-ha4b6fd6_3.conda#eb83f3f8cecc3e9bff9e250817fc69b6
https://conda.anaconda.org/conda-forge/linux-64/libgomp-16.1.0-he0feb66_1.conda#88f2d91cb1533194c323534253094d23
https://conda.anaconda.org/conda-forge/linux-64/libzlib-1.3.2-h25fd6f3_3.conda#0de0122d9570a8ab637c6b73db268389
https://conda.anaconda.org/conda-forge/linux-64/_openmp_mutex-4.5-20_gnu.conda#a9f577daf3de00bca7c3c76c0ecbd1de
https://conda.anaconda.org/conda-forge/noarch/fonts-conda-ecosystem-1-0.tar.bz2#fee5683a3f04bd15cbd8318b096a27ab
https://conda.anaconda.org/conda-forge/linux-64/libegl-1.7.0-ha4b6fd6_3.conda#75e9f795be506c96dd43cb09c7c8d557
https://conda.anaconda.org/conda-forge/linux-64/libopengl-1.7.0-ha4b6fd6_3.conda#c2bd8055a2e2dce7a7f32cfd02101fb6
https://conda.anaconda.org/conda-forge/linux-64/zstd-1.5.7-hb78ec9c_7.conda#aa459086047c0e5e27023ab19f8cb86a
https://conda.anaconda.org/conda-forge/linux-64/ld_impl_linux-64-2.46.1-default_hbd61a6d_102.conda#449500f2c089da11c40f5c21312e3e07
https://conda.anaconda.org/conda-forge/linux-64/libgcc-16.1.0-ha9f2e26_1.conda#5a7d954665c707c93311657cd779c705
https://conda.anaconda.org/conda-forge/linux-64/libopengl-devel-1.7.0-ha4b6fd6_3.conda#50c6d76c6c5ec179ad463837f0f12a17
https://conda.anaconda.org/conda-forge/linux-64/alsa-lib-1.2.16.1-hb03c661_0.conda#8904e09bda369377b3dd07e2ac828c5d
https://conda.anaconda.org/conda-forge/linux-64/bzip2-1.0.8-hda65f42_10.conda#e675fabcf81499adc7edf58124fb1e01
https://conda.anaconda.org/conda-forge/linux-64/keyutils-1.6.3-h7cc23a3_1.conda#ba55d1b89fd7775e67de8291029b4059
https://conda.anaconda.org/conda-forge/linux-64/libbrotlicommon-1.2.0-h39a168f_3.conda#7a2499a177753582fb7ae7e9dc4a908a
https://conda.anaconda.org/conda-forge/linux-64/libdeflate-1.25-hd45a770_1.conda#40f9b31aa9cf007789867df0decd0492
https://conda.anaconda.org/conda-forge/linux-64/libexpat-2.8.1-hecca717_1.conda#b24d3c612f71e7aa74158d92106318b2
https://conda.anaconda.org/conda-forge/linux-64/libffi-3.7.0-h3435931_0.conda#0abe40a9880086ca4d2e5daf09dceff9
https://conda.anaconda.org/conda-forge/linux-64/libgcc-ng-16.1.0-h69a702a_1.conda#7ed870c014a6f23c7dfafda53d2763a9
https://conda.anaconda.org/conda-forge/linux-64/libgfortran5-16.1.0-h79bb938_1.conda#dd51ed33e8c70995f8e33cc9dc537297
https://conda.anaconda.org/conda-forge/linux-64/libiconv-1.18-h3b78370_2.conda#915f5995e94f60e9a4826e0b0920ee88
https://conda.anaconda.org/conda-forge/linux-64/libjpeg-turbo-3.2.0-hb03c661_1.conda#898d1c9793eaa52efc4727bd84d2e39a
https://conda.anaconda.org/conda-forge/linux-64/liblzma-5.8.3-hb03c661_1.conda#1390b7c5ac0b1d8e447bc5efa6d3c8c2
https://conda.anaconda.org/conda-forge/linux-64/libnsl-2.0.1-hb9d3cd8_1.conda#d864d34357c3b65a4b731f78c0801dc4
https://conda.anaconda.org/conda-forge/linux-64/libntlm-1.8-hb9d3cd8_0.conda#7c7927b404672409d9917d49bff5f2d6
https://conda.anaconda.org/conda-forge/linux-64/libpciaccess-0.19-hb03c661_1.conda#35fa2b34bbced424e6976d30f5fde576
https://conda.anaconda.org/conda-forge/linux-64/libpng-1.6.58-h922cc85_1.conda#fcf71c8d979148873f6f8ad4cfc73d86
https://conda.anaconda.org/conda-forge/linux-64/libstdcxx-16.1.0-h934c35e_1.conda#aed6cf89adc1e9b846e4367ac538e434
https://conda.anaconda.org/conda-forge/linux-64/libuuid-2.42.2-h5347b49_0.conda#01bb81d12c957de066ea7362007df642
https://conda.anaconda.org/conda-forge/linux-64/libwebp-base-1.6.0-hd42ef1d_1.conda#9332b53d0ea93c5d39e33be03a0c611a
https://conda.anaconda.org/conda-forge/linux-64/libxcrypt-4.4.38-h280c20c_0.conda#f7a7ff5a6ab331e037abd34f379a631d
https://conda.anaconda.org/conda-forge/linux-64/ncurses-6.6-hdb14827_1.conda#ee6c0cd80a60961a1f48aa3e0b91f986
https://conda.anaconda.org/conda-forge/linux-64/openssl-3.6.3-h35e630c_1.conda#c5955c27917ff2234def47f075e71e02
https://conda.anaconda.org/conda-forge/linux-64/pthread-stubs-0.4-hb03c661_1003.conda#df2c27f36bdb0dde779f55b5df76a352
https://conda.anaconda.org/conda-forge/linux-64/tk-8.6.13-noxft_hd70dff1_3.conda#48a1049e710857572fc2a832aa394d9f
https://conda.anaconda.org/conda-forge/linux-64/xorg-libice-1.1.2-h280c20c_0.conda#85c9442aec283b4e464fa9ecc484a2f3
https://conda.anaconda.org/conda-forge/linux-64/xorg-libxau-1.0.12-hb03c661_2.conda#f06ef439c280a5f90b8bf62355008dbc
https://conda.anaconda.org/conda-forge/linux-64/xorg-libxdmcp-1.1.5-hb03c661_2.conda#2e66c929f3d879708335b6ea4557c838
https://conda.anaconda.org/conda-forge/linux-64/xorg-xorgproto-2025.1-h280c20c_1.conda#3b51576511038b50fdbd05245e22e4b1
https://conda.anaconda.org/conda-forge/linux-64/yaml-0.2.5-h280c20c_3.conda#a77f85f77be52ff59391544bfe73390a
https://conda.anaconda.org/conda-forge/linux-64/double-conversion-3.4.0-hecca717_0.conda#dbe3ec0f120af456b3477743ffd99b74
https://conda.anaconda.org/conda-forge/linux-64/graphite2-1.3.15-h54a6638_1.conda#f9fe2984587fa8235a6af6004760cd18
https://conda.anaconda.org/conda-forge/linux-64/icu-78.3-py310h44b86e0_2.conda#72a381cbad04f24b1c2a43ef707f45b4
https://conda.anaconda.org/conda-forge/linux-64/lerc-4.2.0-hdb68285_0.conda#fb9d356b1a57d6d54768be7ebd5fce09
https://conda.anaconda.org/conda-forge/linux-64/libbrotlidec-1.2.0-ha411449_3.conda#6ab3315dc56618d652c1da42a648a129
https://conda.anaconda.org/conda-forge/linux-64/libbrotlienc-1.2.0-h018ffa1_3.conda#2ac965638d4c6b2b38383bb1aebaf543
https://conda.anaconda.org/conda-forge/linux-64/libdrm-2.4.129-h7cc23a3_0.conda#64cc91512b6278c315349dc13c53f680
https://conda.anaconda.org/conda-forge/linux-64/libedit-3.1.20250104-pl5321h373387f_1.conda#50708d3b951d0f8e2d7f2df5b5edc040
https://conda.anaconda.org/conda-forge/linux-64/libfreetype6-2.14.3-h5e6c136_2.conda#b72a266a9317036fd0464cb98b027cd0
https://conda.anaconda.org/conda-forge/linux-64/libgfortran-16.1.0-h69a702a_1.conda#2fbed65cc90cf0724e1ec4de13696737
https://conda.anaconda.org/conda-forge/linux-64/libstdcxx-ng-16.1.0-hdf11a46_1.conda#c94f06123272d8e129d4acf3a25ffb35
https://conda.anaconda.org/conda-forge/linux-64/libxcb-1.17.0-h8a09558_0.conda#92ed62436b625154323d40d5f2f11dd7
https://conda.anaconda.org/conda-forge/linux-64/lz4-c-1.10.0-hee9eb32_2.conda#e38a3253d72ab07d471483f24947e2a2
https://conda.anaconda.org/conda-forge/linux-64/pcre2-10.47-haa7fec5_0.conda#7a3bff861a6583f1889021facefc08b1
https://conda.anaconda.org/conda-forge/linux-64/pixman-0.46.4-h54a6638_3.conda#0ee5bb30034b081a1386c1e2c98ab0a7
https://conda.anaconda.org/conda-forge/linux-64/readline-8.3-h853b02a_0.conda#d7d95fc8287ea7bf33e0e7116d2b95ec
https://conda.anaconda.org/conda-forge/linux-64/wayland-1.26.0-h1964d1d_1.conda#47e3c5d0b1e968ee49efc7c3fa8ebc0c
https://conda.anaconda.org/conda-forge/linux-64/xorg-libsm-1.2.6-h0d788c3_1.conda#aa7459ed9ad086ba11dda843d764b33d
https://conda.anaconda.org/conda-forge/linux-64/zlib-ng-2.3.3-hce19668_1.conda#1726acec19beeed1c764385cd8622405
https://conda.anaconda.org/conda-forge/linux-64/brotli-bin-1.2.0-h9908984_3.conda#8929291d9efc59715df1cfa7daf5e3ed
https://conda.anaconda.org/conda-forge/linux-64/krb5-1.22.2-hbc21106_2.conda#53318d715316929a574f83591308b1f8
https://conda.anaconda.org/conda-forge/linux-64/libfreetype-2.14.3-ha770c72_2.conda#f8054e759d0ddddaf34a5c8fedc900a1
https://conda.anaconda.org/conda-forge/linux-64/libglib-2.88.3-h45c3219_1.conda#533cb021c1bfeba9f720e669cd863fdf
https://conda.anaconda.org/conda-forge/linux-64/libopenblas-0.3.34-pthreads_h94d23a6_0.conda#c282d68f272927612462b5d626838ef1
https://conda.anaconda.org/conda-forge/linux-64/libsqlite-3.53.4-hf4e2dac_0.conda#df088a279cd5e6fd2790b4c196434da1
https://conda.anaconda.org/conda-forge/linux-64/libtiff-4.7.2-h9d88235_0.conda#c1fcb4a88bc15a9f77ad8d27d7af1df9
https://conda.anaconda.org/conda-forge/linux-64/libxml2-16-2.15.3-hca6bf5a_0.conda#e79d2c2f24b027aa8d5ab1b1ba3061e7
https://conda.anaconda.org/conda-forge/linux-64/qhull-2020.2-h434a139_5.conda#353823361b1d27eb3960efb076dfcaf6
https://conda.anaconda.org/conda-forge/linux-64/xcb-util-0.4.1-h4f16b4b_2.conda#fdc27cb255a7a2cc73b7919a968b48f0
https://conda.anaconda.org/conda-forge/linux-64/xcb-util-keysyms-0.4.1-hb711507_0.conda#ad748ccca349aec3e91743e08b5e2b50
https://conda.anaconda.org/conda-forge/linux-64/xcb-util-renderutil-0.3.10-hb711507_0.conda#0e0cbe0564d03a99afd5fd7b362feecd
https://conda.anaconda.org/conda-forge/linux-64/xcb-util-wm-0.4.2-hb711507_0.conda#608e0ef8256b81d04456e8d211eee3e8
https://conda.anaconda.org/conda-forge/linux-64/xorg-libx11-1.8.13-he1eb515_0.conda#861fb6ccbc677bb9a9fb2468430b9c6a
https://conda.anaconda.org/conda-forge/linux-64/brotli-1.2.0-h505cf86_3.conda#6ff307b78fbfb7dcafb7e25ff8bc9c10
https://conda.anaconda.org/conda-forge/linux-64/cyrus-sasl-2.1.28-hac629b4_1.conda#af491aae930edc096b58466c51c4126c
https://conda.anaconda.org/conda-forge/linux-64/dbus-1.16.2-h24cb091_1.conda#ce96f2f470d39bd96ce03945af92e280
https://conda.anaconda.org/conda-forge/linux-64/fontconfig-2.18.3-h4db4eae_1.conda#922776b528a470ab5afa81fd42abfa1d
https://conda.anaconda.org/conda-forge/linux-64/freetype-2.14.3-ha770c72_2.conda#2d0ea23b23603e07ca47f23f949f67b6
https://conda.anaconda.org/conda-forge/linux-64/lcms2-2.19.1-h0c24ade_1.conda#8b3ce45e929cd8e8e5f4d18586b56d8b
https://conda.anaconda.org/conda-forge/linux-64/libblas-3.11.0-9_h4a7cf45_openblas.conda#f5c4b041925dea221dc4bad2e50569d9
https://conda.anaconda.org/conda-forge/linux-64/libcups-2.3.3-h7a8fb5f_6.conda#49c553b47ff679a6a1e9fc80b9c5a2d4
https://conda.anaconda.org/conda-forge/linux-64/libglx-1.7.0-ha4b6fd6_3.conda#ec3c4350aa0261bf7f87b8ca15c8e80e
https://conda.anaconda.org/conda-forge/linux-64/libxml2-2.15.3-h49c6c72_0.conda#995d8c8bad2a3cc8db14675a153dec2b
https://conda.anaconda.org/conda-forge/linux-64/openjpeg-2.5.4-h55fea9a_0.conda#11b3379b191f63139e29c0d19dee24cd
https://conda.anaconda.org/conda-forge/linux-64/python-3.10.20-h267e890_1_cpython.conda#c5eace1c2d8dae0bb08c094617ea8cc7
https://conda.anaconda.org/conda-forge/linux-64/xcb-util-image-0.4.0-hb711507_2.conda#a0901183f08b6c7107aab109733a3c91
https://conda.anaconda.org/conda-forge/linux-64/xkeyboard-config-2.48-h280c20c_0.conda#b233b41be0bf210989d57160ed39b394
https://conda.anaconda.org/conda-forge/linux-64/xorg-libxext-1.3.7-hb03c661_0.conda#34e54f03dfea3e7a2dcf1453a85f1085
https://conda.anaconda.org/conda-forge/linux-64/xorg-libxfixes-6.0.2-hb03c661_0.conda#ba231da7fccf9ea1e768caf5c7099b84
https://conda.anaconda.org/conda-forge/linux-64/xorg-libxrender-0.9.12-hb9d3cd8_0.conda#96d57aba173e878a2089d5638016dc5e
https://conda.anaconda.org/conda-forge/linux-64/cairo-1.18.4-he90730b_1.conda#bb6c4808bfa69d6f7f6b07e5846ced37
https://conda.anaconda.org/conda-forge/noarch/colorama-0.4.6-pyhd8ed1ab_1.conda#962b9857ee8e7018c22f2776ffa0b2d7
https://conda.anaconda.org/conda-forge/noarch/cycler-0.12.1-pyhcf101f3_2.conda#4c2a8fef270f6c69591889b93f9f55c1
https://conda.anaconda.org/conda-forge/linux-64/kiwisolver-1.5.0-py310haaf941d_0.conda#8993ab7e5dce89147288dd78686e790c
https://conda.anaconda.org/conda-forge/linux-64/libcblas-3.11.0-9_h0358290_openblas.conda#092c5649f3727af436ab0f67f48c3811
https://conda.anaconda.org/conda-forge/linux-64/libgl-1.7.0-ha4b6fd6_3.conda#f25206d7322c0e9648e8b83694d143ab
https://conda.anaconda.org/conda-forge/linux-64/libglx-devel-1.7.0-ha4b6fd6_3.conda#16b6330783ce0d1ae8d22782173b32c9
https://conda.anaconda.org/conda-forge/linux-64/liblapack-3.11.0-9_h47877c9_openblas.conda#e51473c2b7e1f9cb61daafccfd912abf
https://conda.anaconda.org/conda-forge/linux-64/libllvm22-22.1.8-hf7376ad_1.conda#298bb2483fc7d15396147cf1c1465359
https://conda.anaconda.org/conda-forge/linux-64/libxkbcommon-1.13.2-hca5e8e5_0.conda#dc8b067e22b414172bedd8e3f03f3c95
https://conda.anaconda.org/conda-forge/linux-64/libxslt-1.1.43-h711ed8c_1.conda#87e6096ec6d542d1c1f8b33245fe8300
https://conda.anaconda.org/conda-forge/linux-64/lz4-4.4.5-py310hde1b0b5_1.conda#4a20c97489a720287cf3d082f1e715c6
https://conda.anaconda.org/conda-forge/noarch/munkres-1.1.4-pyhd8ed1ab_1.conda#37293a85a0f4f77bbd9cf7aaefc62609
https://conda.anaconda.org/conda-forge/linux-64/openldap-2.6.13-hbde042b_0.conda#680608784722880fbfe1745067570b00
https://conda.anaconda.org/conda-forge/noarch/packaging-26.3-pyhc364b38_0.conda#936687ed80f295a1f5dbcf8bd34c252c
https://conda.anaconda.org/conda-forge/linux-64/pillow-12.3.0-py310h5a73078_0.conda#fb6f1c4063f0df1df2e7f6853bd22f8d
https://conda.anaconda.org/conda-forge/noarch/pycparser-3.0-pyhcf101f3_0.conda#9c5491066224083c41b6d5635ed7107b
https://conda.anaconda.org/conda-forge/noarch/pyopengl-3.1.10-pyha804496_2.conda#cce156023226a62044a8112bebf3d5e1
https://conda.anaconda.org/conda-forge/noarch/pyparsing-3.3.2-pyhcf101f3_0.conda#3687cc0b82a8b4c17e1f0eb7e47163d5
https://conda.anaconda.org/conda-forge/noarch/python-tzdata-2026.3-pyhd8ed1ab_0.conda#eefc8d916bd2e708d76d40398ef9a1ee
https://conda.anaconda.org/conda-forge/noarch/pytz-2026.3.post1-pyhcf101f3_0.conda#eb2fb9070c0232e96ae5515d8b28e4f9
https://conda.anaconda.org/conda-forge/linux-64/pyyaml-6.0.3-py310h3406613_1.conda#2160894f57a40d2d629a34ee8497795f
https://conda.anaconda.org/conda-forge/noarch/setuptools-84.0.0-pyh332efcf_0.conda#62ac906f1cd582c6c264c95625cb9d6f
https://conda.anaconda.org/conda-forge/noarch/six-1.17.0-pyhe01879c_1.conda#3339e3b65d58accf4ca4fb8748ab16b3
https://conda.anaconda.org/conda-forge/linux-64/tornado-6.5.8-py310h7c4b9e2_0.conda#8a92f2064afaa510119b28ed49c17f22
https://conda.anaconda.org/conda-forge/linux-64/unicodedata2-17.0.1-py310h7c4b9e2_0.conda#234e9858dd691d3f597147e22cbf16cf
https://conda.anaconda.org/conda-forge/linux-64/xcb-util-cursor-0.1.6-hb03c661_0.conda#4d1fc190b99912ed557a8236e958c559
https://conda.anaconda.org/conda-forge/linux-64/xorg-libxcomposite-0.4.7-hb03c661_0.conda#f2ba4192d38b6cef2bb2c25029071d90
https://conda.anaconda.org/conda-forge/linux-64/xorg-libxcursor-1.2.3-hb9d3cd8_0.conda#2ccd714aa2242315acaf0a67faea780b
https://conda.anaconda.org/conda-forge/linux-64/xorg-libxdamage-1.1.6-hb9d3cd8_0.conda#b5fcc7172d22516e1f965490e65e33a4
https://conda.anaconda.org/conda-forge/linux-64/xorg-libxi-1.8.3-hb03c661_0.conda#adba2e334082bb218db806d4c12277c9
https://conda.anaconda.org/conda-forge/linux-64/xorg-libxrandr-1.5.5-hb03c661_0.conda#e192019153591938acf7322b6459d36e
https://conda.anaconda.org/conda-forge/linux-64/xorg-libxxf86vm-1.1.7-hb03c661_0.conda#665d152b9c6e78da404086088077c844
https://conda.anaconda.org/conda-forge/linux-64/cffi-2.1.1-py310hd4ea0ea_2.conda#33706c1639a06dcea0c19d9f118305f1
https://conda.anaconda.org/conda-forge/linux-64/fonttools-4.63.0-py310h3406613_0.conda#73c9e3870ca97be05c96962a1606b288
https://conda.anaconda.org/conda-forge/linux-64/libclang-cpp22.1-22.1.8-default_h08c5240_6.conda#4fd9026a57bb45cd15bd08ff8bd0578e
https://conda.anaconda.org/conda-forge/linux-64/libgl-devel-1.7.0-ha4b6fd6_3.conda#63e43d278ee5084813fe3c2edf4834ce
https://conda.anaconda.org/conda-forge/linux-64/libharfbuzz-14.3.0-h17a8019_0.conda#f33637ebded146eafa6b2197c8f597a6
https://conda.anaconda.org/conda-forge/linux-64/libpq-18.6-h9d76c99_0.conda#72e019c04ed02a179da38c56965802d1
https://conda.anaconda.org/conda-forge/linux-64/libvulkan-loader-1.4.357.0-h5279c79_0.conda#9d8c72f797f6f2d1c32897603d70824c
https://conda.anaconda.org/conda-forge/linux-64/numpy-2.2.6-py310hefbff90_0.conda#b0cea2c364bf65cd19e023040eeab05d
https://conda.anaconda.org/conda-forge/noarch/python-dateutil-2.9.0.post0-pyhe01879c_2.conda#5b8d21249ff20967101ffa321cab24e8
https://conda.anaconda.org/conda-forge/noarch/wheel-0.48.0-pyhd8ed1ab_0.conda#9a2124517bfd5d792e0f7b86eefdfeb8
https://conda.anaconda.org/conda-forge/linux-64/xorg-libxtst-1.2.5-hb9d3cd8_3.conda#7bbe9a0cc0df0ac5f5a8ad6d6a11af2f
https://conda.anaconda.org/conda-forge/linux-64/bullet-cpp-3.25-hd7c6fb5_5.conda#878d44ee4a7cfea55b63ddb3f7aa4324
https://conda.anaconda.org/conda-forge/linux-64/contourpy-1.3.2-py310h3788b33_0.conda#b6420d29123c7c823de168f49ccdfe6a
https://conda.anaconda.org/conda-forge/linux-64/libclang13-22.1.8-default_hd70ba2e_6.conda#a8e147873eca89dc1c5d319b027a6cd3
https://conda.anaconda.org/conda-forge/linux-64/libegl-devel-1.7.0-ha4b6fd6_3.conda#5bc6d55503483aabe8a90c5e7f49a2a4
https://conda.anaconda.org/conda-forge/linux-64/libharfbuzz-devel-14.3.0-h17a8019_0.conda#15634b3c7e5a68ca7c6e0bbf84cb2383
https://conda.anaconda.org/conda-forge/linux-64/pandas-2.3.3-py310h0158d43_2.conda#0610ed073acc4737d036125a5a6dbae2
https://conda.anaconda.org/conda-forge/noarch/pip-26.2.1-pyh8b19718_0.conda#77b6cf3b0689d9fc68561df0db9b856d
https://conda.anaconda.org/conda-forge/noarch/pyqtgraph-0.14.0-pyhd8ed1ab_0.conda#1a9d422262ef2e0928a90dde1da5b33a
https://conda.anaconda.org/conda-forge/noarch/pyserial-3.5-pyhcf101f3_2.conda#b27a6cd32160c34682ce6053b04c12c6
https://conda.anaconda.org/conda-forge/linux-64/zstandard-0.25.0-py310h139afa4_1.conda#3741aefc198dfed2e3c9adc79d706bb7
https://conda.anaconda.org/conda-forge/linux-64/harfbuzz-14.3.0-ha770c72_0.conda#7f42f814e1306f83e4cac267baa9acab
https://conda.anaconda.org/conda-forge/linux-64/matplotlib-base-3.10.9-py310hfde16b3_0.conda#182cef60d49535a1d8c3db692dbf053d
https://conda.anaconda.org/conda-forge/noarch/mcap-1.4.0-pyhd8ed1ab_0.conda#e31659a7db9cbaa3dc5707396b73c4b1
https://conda.anaconda.org/conda-forge/linux-64/pybullet-3.25-py310h876c456_5.conda#2facebec7b6155ec01978b6717ca66f0
https://conda.anaconda.org/conda-forge/linux-64/qt6-main-6.11.1-pl5321h16c4a6b_1.conda#331d660aef48fec733a878dd1f8f4206
https://conda.anaconda.org/conda-forge/linux-64/pyside6-6.11.1-py310hb9dbd67_1.conda#c7bacbdc14fac1f18fc72498619cf1a5
https://conda.anaconda.org/conda-forge/linux-64/matplotlib-3.10.9-py310hff52083_0.conda#6284b8d4fc87791b75566f0bd11a359b
