# This lock file was generated by conda-lock (https://github.com/conda/conda-lock). DO NOT EDIT!
#
# A "lock file" contains a concrete list of package versions (with checksums) to be installed. Unlike
# e.g. `conda env create`, the resulting environment will not change as new package versions become
# available, unless you explicitly update the lock file.
#
# Install this environment as "YOURENV" with:
#     conda-lock install -n YOURENV stage4-protobuf-build-v2.conda-lock.yml
# To update a single package to the latest version compatible with the version constraints in the source:
#     conda-lock lock  --lockfile stage4-protobuf-build-v2.conda-lock.yml --update PACKAGE
# To re-solve the entire environment, e.g. after changing a version constraint in the source file:
#     conda-lock -f ../home/cancade/pybullet_df_drive/packaging/python-protobuf-build-environment.yml --lockfile stage4-protobuf-build-v2.conda-lock.yml
version: 1
metadata:
  content_hash:
    linux-64: 095015e0719fa477b84f3c7e8b0e1f9cf9efa70d86bdaaa12d4d34cd2959141e
  channels:
  - url: conda-forge
    used_env_vars: []
  platforms:
  - linux-64
  sources:
  - ../home/cancade/pybullet_df_drive/packaging/python-protobuf-build-environment.yml
package:
- name: _openmp_mutex
  version: '4.5'
  manager: conda
  platform: linux-64
  dependencies:
    __glibc: '>=2.17,<3.0.a0'
    libgomp: '>=7.5.0'
  url: https://conda.anaconda.org/conda-forge/linux-64/_openmp_mutex-4.5-20_gnu.conda
  hash:
    md5: a9f577daf3de00bca7c3c76c0ecbd1de
    sha256: 1dd3fffd892081df9726d7eb7e0dea6198962ba775bd88842135a4ddb4deb3c9
  category: main
  optional: false
- name: binutils_impl_linux-64
  version: 2.46.1
  manager: conda
  platform: linux-64
  dependencies:
    ld_impl_linux-64: 2.46.1
    sysroot_linux-64: ''
  url: https://conda.anaconda.org/conda-forge/linux-64/binutils_impl_linux-64-2.46.1-bootstrap_h59bd682_2.conda
  hash:
    md5: 2ef2aae56894763085adcef527016e7b
    sha256: 6c7022a754063af8d085a5e46bf34ba934bdc5de2817d77977c0f9862da8d66c
  category: main
  optional: false
- name: binutils_linux-64
  version: 2.46.1
  manager: conda
  platform: linux-64
  dependencies:
    binutils_impl_linux-64: 2.46.1
  url: https://conda.anaconda.org/conda-forge/linux-64/binutils_linux-64-2.46.1-bootstrap_h4852527_2.conda
  hash:
    md5: e7cdd06235bf29d35b91d73a7382284c
    sha256: 0c6ef95decbb611c50f8fb4bed4a012b531a978f1501cf5b0b77c9564cf6c780
  category: main
  optional: false
- name: bzip2
  version: 1.0.8
  manager: conda
  platform: linux-64
  dependencies:
    __glibc: '>=2.17,<3.0.a0'
    libgcc: '>=14'
  url: https://conda.anaconda.org/conda-forge/linux-64/bzip2-1.0.8-hda65f42_10.conda
  hash:
    md5: e675fabcf81499adc7edf58124fb1e01
    sha256: 1a0d382c515ebf55f8ee1f38c8b81bc95af5c2acc42ad53b66bc5df932032f96
  category: main
  optional: false
- name: c-ares
  version: 1.34.8
  manager: conda
  platform: linux-64
  dependencies:
    __glibc: '>=2.17,<3.0.a0'
    libgcc: '>=14'
  url: https://conda.anaconda.org/conda-forge/linux-64/c-ares-1.34.8-hb03c661_0.conda
  hash:
    md5: 6130ad6705adc993b5d8482b7f66e01f
    sha256: dee93a82d045f9aa8277829aa465224afa3c7a6ac18388de66099b2be7f705e7
  category: main
  optional: false
- name: ca-certificates
  version: 2026.7.22
  manager: conda
  platform: linux-64
  dependencies:
    __unix: ''
  url: https://conda.anaconda.org/conda-forge/noarch/ca-certificates-2026.7.22-hbd8a1cb_0.conda
  hash:
    md5: 0f51e2391ade309db462a55611263e9c
    sha256: 0a0544cf95f64394fe4959286f5c71f5444ad58feb0602e53becb27448d24da6
  category: main
  optional: false
- name: cmake
  version: 3.28.4
  manager: conda
  platform: linux-64
  dependencies:
    bzip2: '>=1.0.8,<2.0a0'
    libcurl: '>=8.6.0,<9.0a0'
    libexpat: '>=2.6.2,<3.0a0'
    libgcc-ng: '>=12'
    libstdcxx-ng: '>=12'
    libuv: '>=1.48.0,<2.0a0'
    libzlib: '>=1.2.13,<2.0.0a0'
    ncurses: '>=6.4.20240210,<7.0a0'
    rhash: '>=1.4.4,<2.0a0'
    xz: '>=5.2.6,<6.0a0'
    zstd: '>=1.5.5,<1.6.0a0'
  url: https://conda.anaconda.org/conda-forge/linux-64/cmake-3.28.4-hcfe8598_0.conda
  hash:
    md5: 8f3da5e9e920897a86ce0abece94935b
    sha256: 6c7d7552e0ce3b142d0f18de64b6d9f1eccc8825aa3b7127a4000e539d73a9f7
  category: main
  optional: false
- name: gcc_impl_linux-64
  version: 13.4.0
  manager: conda
  platform: linux-64
  dependencies:
    binutils_impl_linux-64: '>=2.46.1'
    libgcc: '>=13.4.0'
    libgcc-devel_linux-64: 13.4.0
    libgomp: '>=13.4.0'
    libsanitizer: 13.4.0
    libstdcxx: '>=13.4.0'
    libstdcxx-devel_linux-64: 13.4.0
    sysroot_linux-64: ''
  url: https://conda.anaconda.org/conda-forge/linux-64/gcc_impl_linux-64-13.4.0-h649a46b_20.conda
  hash:
    md5: 0f17341183ccd1c98e193cad45681036
    sha256: 7f9dbd59dcdf76e9a937b2f926f00627265b3b80c8a40f529f0f78846929d835
  category: main
  optional: false
- name: gcc_linux-64
  version: 13.4.0
  manager: conda
  platform: linux-64
  dependencies:
    binutils_linux-64: ''
    gcc_impl_linux-64: 13.4.0.*
    sysroot_linux-64: ''
  url: https://conda.anaconda.org/conda-forge/linux-64/gcc_linux-64-13.4.0-h5174b15_28.conda
  hash:
    md5: a24872d166cb708ddb01386fe0e9e082
    sha256: 4a6e12079dcff41b45b02a8af124afda58822eae9efedd6925080866c87a7d5c
  category: main
  optional: false
- name: gxx_impl_linux-64
  version: 13.4.0
  manager: conda
  platform: linux-64
  dependencies:
    gcc_impl_linux-64: 13.4.0
    libstdcxx-devel_linux-64: 13.4.0
    sysroot_linux-64: ''
    tzdata: ''
  url: https://conda.anaconda.org/conda-forge/linux-64/gxx_impl_linux-64-13.4.0-h5415f34_20.conda
  hash:
    md5: 9e6c78e79360614519b2602c631d612b
    sha256: 688ef3ea82110a862b3b6be6175b087c698b54c542944fc8b7b92f2bffb82050
  category: main
  optional: false
- name: gxx_linux-64
  version: 13.4.0
  manager: conda
  platform: linux-64
  dependencies:
    binutils_linux-64: ''
    gcc_linux-64: ==13.4.0
    gxx_impl_linux-64: 13.4.0.*
    sysroot_linux-64: ''
  url: https://conda.anaconda.org/conda-forge/linux-64/gxx_linux-64-13.4.0-hb11295d_28.conda
  hash:
    md5: 8dab174551ee329cb75a3307fc853bb4
    sha256: ad5bb39b993b36d4bbeed3590b89233bc416b430ba53b92a2b1a24e3ab1bff60
  category: main
  optional: false
- name: kernel-headers_linux-64
  version: 3.10.0
  manager: conda
  platform: linux-64
  dependencies: {}
  url: https://conda.anaconda.org/conda-forge/noarch/kernel-headers_linux-64-3.10.0-he073ed8_18.conda
  hash:
    md5: ad8527bf134a90e1c9ed35fa0b64318c
    sha256: a922841ad80bd7b222502e65c07ecb67e4176c4fa5b03678a005f39fcc98be4b
  category: main
  optional: false
- name: keyutils
  version: 1.6.3
  manager: conda
  platform: linux-64
  dependencies:
    __glibc: '>=2.17,<3.0.a0'
    libgcc: '>=13'
  url: https://conda.anaconda.org/conda-forge/linux-64/keyutils-1.6.3-hb9d3cd8_0.conda
  hash:
    md5: b38117a3c920364aff79f870c984b4a3
    sha256: 0960d06048a7185d3542d850986d807c6e37ca2e644342dd0c72feefcf26c2a4
  category: main
  optional: false
- name: krb5
  version: 1.21.3
  manager: conda
  platform: linux-64
  dependencies:
    keyutils: '>=1.6.1,<2.0a0'
    libedit: '>=3.1.20191231,<3.2.0a0,>=3.1.20191231,<4.0a0'
    libgcc-ng: '>=12'
    libstdcxx-ng: '>=12'
    openssl: '>=3.3.1,<4.0a0'
  url: https://conda.anaconda.org/conda-forge/linux-64/krb5-1.21.3-h659f571_0.conda
  hash:
    md5: 3f43953b7d3fb3aaa1d0d0723d91e368
    sha256: 99df692f7a8a5c27cd14b5fb1374ee55e756631b9c3d659ed3ee60830249b238
  category: main
  optional: false
- name: ld_impl_linux-64
  version: 2.46.1
  manager: conda
  platform: linux-64
  dependencies:
    __glibc: '>=2.17,<3.0.a0'
  url: https://conda.anaconda.org/conda-forge/linux-64/ld_impl_linux-64-2.46.1-bootstrap_ha15bf96_2.conda
  hash:
    md5: 2c238120d4d57c422d6671036eae76a8
    sha256: 87a2158a8f16f8082f8d57282ef8f7b56dee8647b95919948cf03df91574edeb
  category: main
  optional: false
- name: libcurl
  version: 8.8.0
  manager: conda
  platform: linux-64
  dependencies:
    krb5: '>=1.21.3,<1.22.0a0'
    libgcc-ng: '>=12'
    libnghttp2: '>=1.58.0,<2.0a0'
    libssh2: '>=1.11.0,<2.0a0'
    libzlib: '>=1.2.13,<2.0a0'
    openssl: '>=3.3.1,<4.0a0'
    zstd: '>=1.5.6,<1.6.0a0'
  url: https://conda.anaconda.org/conda-forge/linux-64/libcurl-8.8.0-hca28451_1.conda
  hash:
    md5: b8afb3e3cb3423cc445cf611ab95fdb0
    sha256: 6b5b64cdcdb643368ebe236de07eedee99b025bb95129bbe317c46e5bdc693f3
  category: main
  optional: false
- name: libedit
  version: 3.1.20250104
  manager: conda
  platform: linux-64
  dependencies:
    __glibc: '>=2.17,<3.0.a0'
    libgcc: '>=13'
    ncurses: '>=6.5,<7.0a0'
  url: https://conda.anaconda.org/conda-forge/linux-64/libedit-3.1.20250104-pl5321h7949ede_0.conda
  hash:
    md5: c277e0a4d549b03ac1e9d6cbbe3d017b
    sha256: d789471216e7aba3c184cd054ed61ce3f6dac6f87a50ec69291b9297f8c18724
  category: main
  optional: false
- name: libev
  version: '4.33'
  manager: conda
  platform: linux-64
  dependencies:
    __glibc: '>=2.17,<3.0.a0'
    libgcc: '>=14'
  url: https://conda.anaconda.org/conda-forge/linux-64/libev-4.33-h280c20c_3.conda
  hash:
    md5: 7bc31538d6e3fb349e897353969237ec
    sha256: e4418f68d01a6307c4431b585c71b584f40189877364e542ee87deb777f5e85b
  category: main
  optional: false
- name: libexpat
  version: 2.8.1
  manager: conda
  platform: linux-64
  dependencies:
    __glibc: '>=2.17,<3.0.a0'
    libgcc: '>=14'
  url: https://conda.anaconda.org/conda-forge/linux-64/libexpat-2.8.1-hecca717_1.conda
  hash:
    md5: b24d3c612f71e7aa74158d92106318b2
    sha256: 16feffd9ddbbe5b718515d38ee376c685ba95491cd901244e24671d20b952a77
  category: main
  optional: false
- name: libgcc
  version: 16.1.0
  manager: conda
  platform: linux-64
  dependencies:
    __glibc: '>=2.17,<3.0.a0'
    _openmp_mutex: '>=4.5'
  url: https://conda.anaconda.org/conda-forge/linux-64/libgcc-16.1.0-ha9f2e26_1.conda
  hash:
    md5: 5a7d954665c707c93311657cd779c705
    sha256: d5cb8475131c31680f8fd30512c418f373064e272e452063276a8fb14c9fa42f
  category: main
  optional: false
- name: libgcc-devel_linux-64
  version: 13.4.0
  manager: conda
  platform: linux-64
  dependencies:
    __unix: ''
  url: https://conda.anaconda.org/conda-forge/noarch/libgcc-devel_linux-64-13.4.0-hd1d28cc_120.conda
  hash:
    md5: 44af9c8ef5cc70a85a39621d7269d26d
    sha256: 46f98e05c26957fffbc9224e70fc16218e5bc3d432288b6baf7e89619d517030
  category: main
  optional: false
- name: libgcc-ng
  version: 16.1.0
  manager: conda
  platform: linux-64
  dependencies:
    libgcc: 16.1.0
  url: https://conda.anaconda.org/conda-forge/linux-64/libgcc-ng-16.1.0-h69a702a_1.conda
  hash:
    md5: 7ed870c014a6f23c7dfafda53d2763a9
    sha256: 225275c562337a1cd61705da0ee4235dde7bba7504de1c34b74c894adb2b0eee
  category: main
  optional: false
- name: libgomp
  version: 16.1.0
  manager: conda
  platform: linux-64
  dependencies:
    __glibc: '>=2.17,<3.0.a0'
  url: https://conda.anaconda.org/conda-forge/linux-64/libgomp-16.1.0-he0feb66_1.conda
  hash:
    md5: 88f2d91cb1533194c323534253094d23
    sha256: 62cb599ad0539d99386515326d9d5e8f51f75a60c69c2131b21df76edf35bd89
  category: main
  optional: false
- name: liblzma
  version: 5.8.3
  manager: conda
  platform: linux-64
  dependencies:
    __glibc: '>=2.17,<3.0.a0'
    libgcc: '>=14'
  url: https://conda.anaconda.org/conda-forge/linux-64/liblzma-5.8.3-hb03c661_0.conda
  hash:
    md5: b88d90cad08e6bc8ad540cb310a761fb
    sha256: ec30e52a3c1bf7d0425380a189d209a52baa03f22fb66dd3eb587acaa765bd6d
  category: main
  optional: false
- name: liblzma-devel
  version: 5.8.3
  manager: conda
  platform: linux-64
  dependencies:
    __glibc: '>=2.17,<3.0.a0'
    libgcc: '>=14'
    liblzma: 5.8.3
  url: https://conda.anaconda.org/conda-forge/linux-64/liblzma-devel-5.8.3-hb03c661_0.conda
  hash:
    md5: 55c20edec8e90c4703787acaade60808
    sha256: 7858f6a173206bc8a5bdc8e75690483bb66c0dcc3809ac1cb43c561a4723623a
  category: main
  optional: false
- name: libnghttp2
  version: 1.58.0
  manager: conda
  platform: linux-64
  dependencies:
    c-ares: '>=1.23.0,<2.0a0'
    libev: '>=4.33,<4.34.0a0,>=4.33,<5.0a0'
    libgcc-ng: '>=12'
    libstdcxx-ng: '>=12'
    libzlib: '>=1.2.13,<2.0.0a0'
    openssl: '>=3.2.0,<4.0a0'
  url: https://conda.anaconda.org/conda-forge/linux-64/libnghttp2-1.58.0-h47da74e_1.conda
  hash:
    md5: 700ac6ea6d53d5510591c4344d5c989a
    sha256: 1910c5306c6aa5bcbd623c3c930c440e9c77a5a019008e1487810e3c1d3716cb
  category: main
  optional: false
- name: libsanitizer
  version: 13.4.0
  manager: conda
  platform: linux-64
  dependencies:
    __glibc: '>=2.17,<3.0.a0'
    libgcc: '>=13.4.0'
    libstdcxx: '>=13.4.0'
  url: https://conda.anaconda.org/conda-forge/linux-64/libsanitizer-13.4.0-hf18ac3d_20.conda
  hash:
    md5: 605f9e5fa9594fdcc7a7d118a4dc92e9
    sha256: bd710792a12dd3e15e74a331efc385384230b6b60d50ecbd2646fbc0be254658
  category: main
  optional: false
- name: libssh2
  version: 1.11.0
  manager: conda
  platform: linux-64
  dependencies:
    libgcc-ng: '>=12'
    libzlib: '>=1.2.13,<2.0.0a0'
    openssl: '>=3.1.1,<4.0a0'
  url: https://conda.anaconda.org/conda-forge/linux-64/libssh2-1.11.0-h0841786_0.conda
  hash:
    md5: 1f5a58e686b13bcfde88b93f547d23fe
    sha256: 50e47fd9c4f7bf841a11647ae7486f65220cfc988ec422a4475fe8d5a823824d
  category: main
  optional: false
- name: libstdcxx
  version: 16.1.0
  manager: conda
  platform: linux-64
  dependencies:
    __glibc: '>=2.17,<3.0.a0'
    libgcc: 16.1.0
  url: https://conda.anaconda.org/conda-forge/linux-64/libstdcxx-16.1.0-h934c35e_1.conda
  hash:
    md5: aed6cf89adc1e9b846e4367ac538e434
    sha256: 79721dd08aeb0ab9e773f1f9ef41cf4e6c17477e3d72319147619045bce05a09
  category: main
  optional: false
- name: libstdcxx-devel_linux-64
  version: 13.4.0
  manager: conda
  platform: linux-64
  dependencies:
    __unix: ''
  url: https://conda.anaconda.org/conda-forge/noarch/libstdcxx-devel_linux-64-13.4.0-h6963c3b_120.conda
  hash:
    md5: 1fd9c3ee8b91a467378f09da6dfbbe1c
    sha256: c322903ff3c6330ad9a9da72b2b86503595fc072a7d90405021491168c21701c
  category: main
  optional: false
- name: libstdcxx-ng
  version: 16.1.0
  manager: conda
  platform: linux-64
  dependencies:
    libstdcxx: 16.1.0
  url: https://conda.anaconda.org/conda-forge/linux-64/libstdcxx-ng-16.1.0-hdf11a46_1.conda
  hash:
    md5: c94f06123272d8e129d4acf3a25ffb35
    sha256: 2876ca4463d1b394eb969ce4a84d1620aa63fb8202a6397837d1e45ec76c1208
  category: main
  optional: false
- name: libuv
  version: 1.52.1
  manager: conda
  platform: linux-64
  dependencies:
    __glibc: '>=2.17,<3.0.a0'
    libgcc: '>=14'
  url: https://conda.anaconda.org/conda-forge/linux-64/libuv-1.52.1-h280c20c_1.conda
  hash:
    md5: 01c4ed87826af55996768af6dbc936b4
    sha256: 67761d0206f84140047a367eaf9befe03a7e157a29ee25aee0047b40801cc6b6
  category: main
  optional: false
- name: libzlib
  version: 1.2.13
  manager: conda
  platform: linux-64
  dependencies:
    libgcc-ng: '>=12'
  url: https://conda.anaconda.org/conda-forge/linux-64/libzlib-1.2.13-h4ab18f5_6.conda
  hash:
    md5: 27329162c0dc732bcf67a4e0cd488125
    sha256: 8ced4afed6322172182af503f21725d072a589a6eb918f8a58135c1e00d35980
  category: main
  optional: false
- name: ncurses
  version: '6.6'
  manager: conda
  platform: linux-64
  dependencies:
    __glibc: '>=2.17,<3.0.a0'
    libgcc: '>=14'
  url: https://conda.anaconda.org/conda-forge/linux-64/ncurses-6.6-hdb14827_0.conda
  hash:
    md5: fc21868a1a5aacc937e7a18747acb8a5
    sha256: fc89f74bbe362fb29fa3c037697a89bec140b346a2469a90f7936d1d7ea4d8a3
  category: main
  optional: false
- name: ninja
  version: 1.13.2
  manager: conda
  platform: linux-64
  dependencies:
    __glibc: '>=2.17,<3.0.a0'
    libgcc: '>=14'
    libstdcxx: '>=14'
  url: https://conda.anaconda.org/conda-forge/linux-64/ninja-1.13.2-h171cf75_0.conda
  hash:
    md5: b518e9e92493721281a60fa975bddc65
    sha256: 6f7d59dbec0a7b00bf5d103a4306e8886678b796ff2151b62452d4582b2a53fb
  category: main
  optional: false
- name: openssl
  version: 3.6.3
  manager: conda
  platform: linux-64
  dependencies:
    __glibc: '>=2.17,<3.0.a0'
    ca-certificates: ''
    libgcc: '>=14'
  url: https://conda.anaconda.org/conda-forge/linux-64/openssl-3.6.3-h35e630c_1.conda
  hash:
    md5: c5955c27917ff2234def47f075e71e02
    sha256: 012096056b97abf1f68c46b7146bd2cbd68c1be762340b4f5dad4fbbe99177bc
  category: main
  optional: false
- name: rhash
  version: 1.4.6
  manager: conda
  platform: linux-64
  dependencies:
    __glibc: '>=2.17,<3.0.a0'
    libgcc: '>=13'
  url: https://conda.anaconda.org/conda-forge/linux-64/rhash-1.4.6-hb9d3cd8_1.conda
  hash:
    md5: c1c9b02933fdb2cfb791d936c20e887e
    sha256: d5c73079c1dd2c2a313c3bfd81c73dbd066b7eb08d213778c8bff520091ae894
  category: main
  optional: false
- name: sysroot_linux-64
  version: '2.17'
  manager: conda
  platform: linux-64
  dependencies:
    kernel-headers_linux-64: 3.10.0
    tzdata: ''
  url: https://conda.anaconda.org/conda-forge/noarch/sysroot_linux-64-2.17-h0157908_18.conda
  hash:
    md5: 460eba7851277ec1fd80a1a24080787a
    sha256: 69ab5804bdd2e8e493d5709eebff382a72fab3e9af6adf93a237ccf8f7dbd624
  category: main
  optional: false
- name: tzdata
  version: 2026c
  manager: conda
  platform: linux-64
  dependencies: {}
  url: https://conda.anaconda.org/conda-forge/noarch/tzdata-2026c-h151e31d_0.conda
  hash:
    md5: fcb489df604d100968b737f2cb6076c6
    sha256: b928c30ddcb0e3f544c6eade8352737e6e610e263276b90232db6a578ef899d8
  category: main
  optional: false
- name: xz
  version: 5.8.3
  manager: conda
  platform: linux-64
  dependencies:
    __glibc: '>=2.17,<3.0.a0'
    libgcc: '>=14'
    liblzma: 5.8.3
    liblzma-devel: 5.8.3
    xz-gpl-tools: 5.8.3
    xz-tools: 5.8.3
  url: https://conda.anaconda.org/conda-forge/linux-64/xz-5.8.3-ha02ee65_0.conda
  hash:
    md5: 6a1b6af49a334e4e06b9f103367762bf
    sha256: 2553fd3ec0a1020b2ca05ca10b0036a596cb0d4bf3645922fcf69dacce0e6679
  category: main
  optional: false
- name: xz-gpl-tools
  version: 5.8.3
  manager: conda
  platform: linux-64
  dependencies:
    __glibc: '>=2.17,<3.0.a0'
    libgcc: '>=14'
    liblzma: 5.8.3
  url: https://conda.anaconda.org/conda-forge/linux-64/xz-gpl-tools-5.8.3-ha02ee65_0.conda
  hash:
    md5: 8f5e2c6726c1339287a3c76a2c138ac7
    sha256: 8f139666ea18dc8340a44a54056627dd4e89e242e8cd136ab2467d6dc2c192ba
  category: main
  optional: false
- name: xz-tools
  version: 5.8.3
  manager: conda
  platform: linux-64
  dependencies:
    __glibc: '>=2.17,<3.0.a0'
    libgcc: '>=14'
    liblzma: 5.8.3
  url: https://conda.anaconda.org/conda-forge/linux-64/xz-tools-5.8.3-hb03c661_0.conda
  hash:
    md5: b62b615caa60812640f24db3a8d0fc87
    sha256: 162ebd76803464b8c8ebc7d45df32edf0ec717b3bf369a437ae3b0254f22dc2e
  category: main
  optional: false
- name: zstd
  version: 1.5.6
  manager: conda
  platform: linux-64
  dependencies:
    libgcc-ng: '>=12'
    libstdcxx-ng: '>=12'
    libzlib: '>=1.2.13,<2.0.0a0'
  url: https://conda.anaconda.org/conda-forge/linux-64/zstd-1.5.6-ha6fb4c9_0.conda
  hash:
    md5: 4d056880988120e29d75bfff282e0f45
    sha256: c558b9cc01d9c1444031bd1ce4b9cff86f9085765f17627a6cd85fc623c8a02b
  category: main
  optional: false
